
Microsoft Visual Studio Solution File, Format Version 12.00
# Visual Studio 14
VisualStudioVersion = 14.0.23107.0
MinimumVisualStudioVersion = 10.0.40219.1
Project("{FAE04EC0-301F-11D3-BF4B-00C04F79EFBC}") = "MySkills", "MySkills\MySkills.csproj", "{4CCF3D9D-096B-4434-9FD7-0ADDA2B90219}"
EndProject
Project("{FAE04EC0-301F-11D3-BF4B-00C04F79EFBC}") = "MySkillsTests", "MySkillsTests\MySkillsTests.csproj", "{43B4245C-7E7E-4768-AC93-BBA689E6EFD2}"
EndProject
Global
	GlobalSection(SolutionConfigurationPlatforms) = preSolution
		Debug|Any CPU = Debug|Any CPU
		Release|Any CPU = Release|Any CPU
	EndGlobalSection
	GlobalSection(ProjectConfigurationPlatforms) = postSolution
		{4CCF3D9D-096B-4434-9FD7-0ADDA2B90219}.Debug|Any CPU.ActiveCfg = Debug|Any CPU
		{4CCF3D9D-096B-4434-9FD7-0ADDA2B90219}.Debug|Any CPU.Build.0 = Debug|Any CPU
		{4CCF3D9D-096B-4434-9FD7-0ADDA2B90219}.Release|Any CPU.ActiveCfg = Release|Any CPU
		{4CCF3D9D-096B-4434-9FD7-0ADDA2B90219}.Release|Any CPU.Build.0 = Release|Any CPU
		{43B4245C-7E7E-4768-AC93-BBA689E6EFD2}.Debug|Any CPU.ActiveCfg = Debug|Any CPU
		{43B4245C-7E7E-4768-AC93-BBA689E6EFD2}.Debug|Any CPU.Build.0 = Debug|Any CPU
		{43B4245C-7E7E-4768-AC93-BBA689E6EFD2}.Release|Any CPU.ActiveCfg = Release|Any CPU
		{43B4245C-7E7E-4768-AC93-BBA689E6EFD2}.Release|Any CPU.Build.0 = Release|Any CPU
	EndGlobalSection
	GlobalSection(SolutionProperties) = preSolution
		HideSolutionNode = FALSE
	EndGlobalSection
EndGlobal
